
Microsoft Visual Studio Solution File, Format Version 12.00
# Visual Studio 2013
VisualStudioVersion = 12.0.21005.1
MinimumVisualStudioVersion = 10.0.40219.1
Project("{FAE04EC0-301F-11D3-BF4B-00C04F79EFBC}") = "KomoLine.Web", "KomoLine.WebForm\KomoLine.Web.csproj", "{0302643D-1935-4305-9AAE-CD19A0969FE6}"
EndProject
Project("{FAE04EC0-301F-11D3-BF4B-00C04F79EFBC}") = "KomoLine.Data", "KomoLine.Entities\KomoLine.Data.csproj", "{C66144E0-5805-47F5-B3CC-694899C69385}"
EndProject
Global
	GlobalSection(SolutionConfigurationPlatforms) = preSolution
		Debug|Any CPU = Debug|Any CPU
		Release|Any CPU = Release|Any CPU
	EndGlobalSection
	GlobalSection(ProjectConfigurationPlatforms) = postSolution
		{0302643D-1935-4305-9AAE-CD19A0969FE6}.Debug|Any CPU.ActiveCfg = Debug|Any CPU
		{0302643D-1935-4305-9AAE-CD19A0969FE6}.Debug|Any CPU.Build.0 = Debug|Any CPU
		{0302643D-1935-4305-9AAE-CD19A0969FE6}.Release|Any CPU.ActiveCfg = Release|Any CPU
		{0302643D-1935-4305-9AAE-CD19A0969FE6}.Release|Any CPU.Build.0 = Release|Any CPU
		{C66144E0-5805-47F5-B3CC-694899C69385}.Debug|Any CPU.ActiveCfg = Debug|Any CPU
		{C66144E0-5805-47F5-B3CC-694899C69385}.Debug|Any CPU.Build.0 = Debug|Any CPU
		{C66144E0-5805-47F5-B3CC-694899C69385}.Release|Any CPU.ActiveCfg = Release|Any CPU
		{C66144E0-5805-47F5-B3CC-694899C69385}.Release|Any CPU.Build.0 = Release|Any CPU
	EndGlobalSection
	GlobalSection(SolutionProperties) = preSolution
		HideSolutionNode = FALSE
	EndGlobalSection
EndGlobal
